PODS:
  - accessing_security_scoped_resource (0.0.1):
    - Flutter
    - FlutterMacOS
  - darwin_url (0.0.1):
    - Flutter
    - FlutterMacOS
  - Flutter (1.0.0)
  - ios_document_picker (0.0.1):
    - Flutter

DEPENDENCIES:
  - accessing_security_scoped_resource (from `.symlinks/plugins/accessing_security_scoped_resource/darwin`)
  - darwin_url (from `.symlinks/plugins/darwin_url/darwin`)
  - Flutter (from `Flutter`)
  - ios_document_picker (from `.symlinks/plugins/ios_document_picker/ios`)

EXTERNAL SOURCES:
  accessing_security_scoped_resource:
    :path: ".symlinks/plugins/accessing_security_scoped_resource/darwin"
  darwin_url:
    :path: ".symlinks/plugins/darwin_url/darwin"
  Flutter:
    :path: Flutter
  ios_document_picker:
    :path: ".symlinks/plugins/ios_document_picker/ios"

SPEC CHECKSUMS:
  accessing_security_scoped_resource: 0d0c6acf88a91c999be7c8da3d049e06cfa9e21c
  darwin_url: 56f1989b3e0532c1650e76d654260d4872b5507e
  Flutter: e0871f40cf51350855a761d2e70bf5af5b9b5de7
  ios_document_picker: fb71bc06a3633171ca2e309452e2e5f015fed9f2

PODFILE CHECKSUM: 1b50a4280f44a231b37f858aebc2a001225decec

COCOAPODS: 1.16.2
